
Microsoft Visual Studio Solution File, Format Version 12.00
# Visual Studio Version 17
VisualStudioVersion = 17.11.35312.102
MinimumVisualStudioVersion = 10.0.40219.1
Project("{FAE04EC0-301F-11D3-BF4B-00C04F79EFBC}") = "VolunteerMatch", "VolunteerMatch\VolunteerMatch.csproj", "{97C125C6-2EA1-4008-8D17-A0D5D5AD4370}"
EndProject
Global
	GlobalSection(SolutionConfigurationPlatforms) = preSolution
		Debug|Any CPU = Debug|Any CPU
		Release|Any CPU = Release|Any CPU
	EndGlobalSection
	GlobalSection(ProjectConfigurationPlatforms) = postSolution
		{97C125C6-2EA1-4008-8D17-A0D5D5AD4370}.Debug|Any CPU.ActiveCfg = Debug|Any CPU
		{97C125C6-2EA1-4008-8D17-A0D5D5AD4370}.Debug|Any CPU.Build.0 = Debug|Any CPU
		{97C125C6-2EA1-4008-8D17-A0D5D5AD4370}.Release|Any CPU.ActiveCfg = Release|Any CPU
		{97C125C6-2EA1-4008-8D17-A0D5D5AD4370}.Release|Any CPU.Build.0 = Release|Any CPU
	EndGlobalSection
	GlobalSection(SolutionProperties) = preSolution
		HideSolutionNode = FALSE
	EndGlobalSection
	GlobalSection(ExtensibilityGlobals) = postSolution
		SolutionGuid = {36137028-268D-4621-B49D-C41B832246E5}
	EndGlobalSection
EndGlobal
